<Solution>
  <Folder Name="/Source/">
    <Project Path="Source/FToolkit.Abstractions/FToolkit.Abstractions.csproj" />
    <Project Path="Source/FToolkit.Repositories.Abstractions/FToolkit.Repositories.Abstractions.csproj" />
    <Project Path="Source/FToolkit/FToolkit.csproj" />
  </Folder>
</Solution>
