
Microsoft Visual Studio Solution File, Format Version 12.00
# Visual Studio Version 17
VisualStudioVersion = 17.1.31911.260
MinimumVisualStudioVersion = 10.0.40219.1
Project("{2150E333-8FDC-42A3-9474-1A3956D46DE8}") = "Source", "Source", "{9E8DA52C-B48A-4493-B0C6-B77FDF27E567}"
EndProject
Project("{FAE04EC0-301F-11D3-BF4B-00C04F79EFBC}") = "FToolkit", "Source\FToolkit\FToolkit.csproj", "{59721E63-47A9-46D4-9CBA-287C2220652D}"
EndProject
Project("{FAE04EC0-301F-11D3-BF4B-00C04F79EFBC}") = "FToolkit.Abstractions", "Source\FToolkit.Abstractions\FToolkit.Abstractions.csproj", "{FC968420-A997-4747-AC93-BE94B0A57CAA}"
EndProject
Project("{2150E333-8FDC-42A3-9474-1A3956D46DE8}") = "Tests", "Tests", "{3658193F-A8DB-4DB1-8595-0A66689AEF3C}"
EndProject
Project("{FAE04EC0-301F-11D3-BF4B-00C04F79EFBC}") = "FToolkit.Tests", "Tests\FToolkit.Tests\FToolkit.Tests.csproj", "{368A38AB-0436-4BEC-B84C-F51C1162DDE7}"
EndProject
Global
	GlobalSection(SolutionConfigurationPlatforms) = preSolution
		Debug|Any CPU = Debug|Any CPU
		Release|Any CPU = Release|Any CPU
	EndGlobalSection
	GlobalSection(ProjectConfigurationPlatforms) = postSolution
		{59721E63-47A9-46D4-9CBA-287C2220652D}.Debug|Any CPU.ActiveCfg = Debug|Any CPU
		{59721E63-47A9-46D4-9CBA-287C2220652D}.Debug|Any CPU.Build.0 = Debug|Any CPU
		{59721E63-47A9-46D4-9CBA-287C2220652D}.Release|Any CPU.ActiveCfg = Release|Any CPU
		{59721E63-47A9-46D4-9CBA-287C2220652D}.Release|Any CPU.Build.0 = Release|Any CPU
		{FC968420-A997-4747-AC93-BE94B0A57CAA}.Debug|Any CPU.ActiveCfg = Debug|Any CPU
		{FC968420-A997-4747-AC93-BE94B0A57CAA}.Debug|Any CPU.Build.0 = Debug|Any CPU
		{FC968420-A997-4747-AC93-BE94B0A57CAA}.Release|Any CPU.ActiveCfg = Release|Any CPU
		{FC968420-A997-4747-AC93-BE94B0A57CAA}.Release|Any CPU.Build.0 = Release|Any CPU
		{368A38AB-0436-4BEC-B84C-F51C1162DDE7}.Debug|Any CPU.ActiveCfg = Debug|Any CPU
		{368A38AB-0436-4BEC-B84C-F51C1162DDE7}.Debug|Any CPU.Build.0 = Debug|Any CPU
		{368A38AB-0436-4BEC-B84C-F51C1162DDE7}.Release|Any CPU.ActiveCfg = Release|Any CPU
		{368A38AB-0436-4BEC-B84C-F51C1162DDE7}.Release|Any CPU.Build.0 = Release|Any CPU
	EndGlobalSection
	GlobalSection(SolutionProperties) = preSolution
		HideSolutionNode = FALSE
	EndGlobalSection
	GlobalSection(NestedProjects) = preSolution
		{59721E63-47A9-46D4-9CBA-287C2220652D} = {9E8DA52C-B48A-4493-B0C6-B77FDF27E567}
		{FC968420-A997-4747-AC93-BE94B0A57CAA} = {9E8DA52C-B48A-4493-B0C6-B77FDF27E567}
		{368A38AB-0436-4BEC-B84C-F51C1162DDE7} = {3658193F-A8DB-4DB1-8595-0A66689AEF3C}
	EndGlobalSection
	GlobalSection(ExtensibilityGlobals) = postSolution
		SolutionGuid = {488858CD-6ADC-4360-9E98-96B6AD572790}
	EndGlobalSection
EndGlobal
